{
  "name": "graphhopper-web-bundle",
  "version": "11.0.0",
  "lockfileVersion": 3,
  "requires": true,
  "packages": {
    "": {
      "name": "graphhopper-web-bundle",
      "version": "11.0.0",
      "dependencies": {
        "@graphhopper/graphhopper-maps-bundle": "0.0.0-040ae9d3f2c4a67588449027a29b0e86d93004fc"
      }
    },
    "node_modules/@graphhopper/graphhopper-maps-bundle": {
      "version": "0.0.0-040ae9d3f2c4a67588449027a29b0e86d93004fc",
      "resolved": "https://registry.npmjs.org/@graphhopper/graphhopper-maps-bundle/-/graphhopper-maps-bundle-0.0.0-040ae9d3f2c4a67588449027a29b0e86d93004fc.tgz",
      "integrity": "sha512-nPN67uGXOZ2QI6/XSlHlZ54F7MWgL1f+6uC9XnHY6isoKrtVHYOjQu1bahwV4QbO/bwVd79krv+n6eXwwaj5Wg=="
    }
  }
}
